
Microsoft Visual Studio Solution File, Format Version 12.00
# Visual Studio Version 16
VisualStudioVersion = 16.0.31829.152
MinimumVisualStudioVersion = 10.0.40219.1
Project("{FAE04EC0-301F-11D3-BF4B-00C04F79EFBC}") = "Parkyeri_Otomasyonu", "Parkyeri_Otomasyonu\Parkyeri_Otomasyonu.csproj", "{BDFFA259-43EF-4200-BBB7-AED64D3FEDB9}"
EndProject
Global
	GlobalSection(SolutionConfigurationPlatforms) = preSolution
		Debug|Any CPU = Debug|Any CPU
		Release|Any CPU = Release|Any CPU
	EndGlobalSection
	GlobalSection(ProjectConfigurationPlatforms) = postSolution
		{BDFFA259-43EF-4200-BBB7-AED64D3FEDB9}.Debug|Any CPU.ActiveCfg = Debug|Any CPU
		{BDFFA259-43EF-4200-BBB7-AED64D3FEDB9}.Debug|Any CPU.Build.0 = Debug|Any CPU
		{BDFFA259-43EF-4200-BBB7-AED64D3FEDB9}.Release|Any CPU.ActiveCfg = Release|Any CPU
		{BDFFA259-43EF-4200-BBB7-AED64D3FEDB9}.Release|Any CPU.Build.0 = Release|Any CPU
	EndGlobalSection
	GlobalSection(SolutionProperties) = preSolution
		HideSolutionNode = FALSE
	EndGlobalSection
	GlobalSection(ExtensibilityGlobals) = postSolution
		SolutionGuid = {B055B1D3-EEC7-4843-BD97-82C2F82FD756}
	EndGlobalSection
EndGlobal
